// !$*UTF8*$!
{
	archiveVersion = 1;
	classes = {
	};
	objectVersion = 50;
	objects = {

/* Begin PBXBuildFile section */
		15822A3F22079B63004CB2B4 /* AppDelegate.swift in Sources */ = {isa = PBXBuildFile; fileRef = 15822A3E22079B63004CB2B4 /* AppDelegate.swift */; };
		15822A4122079B63004CB2B4 /* ViewController.swift in Sources */ = {isa = PBXBuildFile; fileRef = 15822A4022079B63004CB2B4 /* ViewController.swift */; };
		15822A4422079B63004CB2B4 /* Main.storyboard in Resources */ = {isa = PBXBuildFile; fileRef = 15822A4222079B63004CB2B4 /* Main.storyboard */; };
		15822A4622079B64004CB2B4 /* Assets.xcassets in Resources */ = {isa = PBXBuildFile; fileRef = 15822A4522079B64004CB2B4 /* Assets.xcassets */; };
		15822A4922079B64004CB2B4 /* LaunchScreen.storyboard in Resources */ = {isa = PBXBuildFile; fileRef = 15822A4722079B64004CB2B4 /* LaunchScreen.storyboard */; };
		15822A5422079B65004CB2B4 /* CohabitationCheckerTests.swift in Sources */ = {isa = PBXBuildFile; fileRef = 15822A5322079B65004CB2B4 /* CohabitationCheckerTests.swift */; };
		15822A5F22079B65004CB2B4 /* CohabitationCheckerUITests.swift in Sources */ = {isa = PBXBuildFile; fileRef = 15822A5E22079B65004CB2B4 /* CohabitationCheckerUITests.swift */; };
		15822A6E22079F02004CB2B4 /* R.generated.swift in Sources */ = {isa = PBXBuildFile; fileRef = 15822A6D22079F02004CB2B4 /* R.generated.swift */; };
		7CFFE9CD347F54AE130D04AD /* Pods_CohabitationChecker.framework in Frameworks */ = {isa = PBXBuildFile; fileRef = 53F3C634702D40EC8BEE2E37 /* Pods_CohabitationChecker.framework */; };
		A1992AA7DAE97D00A561C1F4 /* Pods_CohabitationCheckerUITests.framework in Frameworks */ = {isa = PBXBuildFile; fileRef = 30BC42FF71132F539F80CE04 /* Pods_CohabitationCheckerUITests.framework */; };
		FDBD3D19C9758AD0F5BC94F9 /* Pods_CohabitationCheckerTests.framework in Frameworks */ = {isa = PBXBuildFile; fileRef = 42B7824466A686F2712EBA9C /* Pods_CohabitationCheckerTests.framework */; };
/* End PBXBuildFile section */

/* Begin PBXContainerItemProxy section */
		15822A5022079B65004CB2B4 /* PBXContainerItemProxy */ = {
			isa = PBXContainerItemProxy;
			containerPortal = 15822A3322079B63004CB2B4 /* Project object */;
			proxyType = 1;
			remoteGlobalIDString = 15822A3A22079B63004CB2B4;
			remoteInfo = CohabitationChecker;
		};
		15822A5B22079B65004CB2B4 /* PBXContainerItemProxy */ = {
			isa = PBXContainerItemProxy;
			containerPortal = 15822A3322079B63004CB2B4 /* Project object */;
			proxyType = 1;
			remoteGlobalIDString = 15822A3A22079B63004CB2B4;
			remoteInfo = CohabitationChecker;
		};
/* End PBXContainerItemProxy section */

/* Begin PBXFileReference section */
		15822A3B22079B63004CB2B4 /* CohabitationChecker.app */ = {isa = PBXFileReference; explicitFileType = wrapper.application; includeInIndex = 0; path = CohabitationChecker.app; sourceTree = BUILT_PRODUCTS_DIR; };
		15822A3E22079B63004CB2B4 /* AppDelegate.swift */ = {isa = PBXFileReference; lastKnownFileType = sourcecode.swift; path = AppDelegate.swift; sourceTree = "<group>"; };
		15822A4022079B63004CB2B4 /* ViewController.swift */ = {isa = PBXFileReference; lastKnownFileType = sourcecode.swift; path = ViewController.swift; sourceTree = "<group>"; };
		15822A4322079B63004CB2B4 /* Base */ = {isa = PBXFileReference; lastKnownFileType = file.storyboard; name = Base; path = Base.lproj/Main.storyboard; sourceTree = "<group>"; };
		15822A4522079B64004CB2B4 /* Assets.xcassets */ = {isa = PBXFileReference; lastKnownFileType = folder.assetcatalog; path = Assets.xcassets; sourceTree = "<group>"; };
		15822A4822079B64004CB2B4 /* Base */ = {isa = PBXFileReference; lastKnownFileType = file.storyboard; name = Base; path = Base.lproj/LaunchScreen.storyboard; sourceTree = "<group>"; };
		15822A4A22079B64004CB2B4 /* Info.plist */ = {isa = PBXFileReference; lastKnownFileType = text.plist.xml; path = Info.plist; sourceTree = "<group>"; };
		15822A4F22079B65004CB2B4 /* CohabitationCheckerTests.xctest */ = {isa = PBXFileReference; explicitFileType = wrapper.cfbundle; includeInIndex = 0; path = CohabitationCheckerTests.xctest; sourceTree = BUILT_PRODUCTS_DIR; };
		15822A5322079B65004CB2B4 /* CohabitationCheckerTests.swift */ = {isa = PBXFileReference; lastKnownFileType = sourcecode.swift; path = CohabitationCheckerTests.swift; sourceTree = "<group>"; };
		15822A5522079B65004CB2B4 /* Info.plist */ = {isa = PBXFileReference; lastKnownFileType = text.plist.xml; path = Info.plist; sourceTree = "<group>"; };
		15822A5A22079B65004CB2B4 /* CohabitationCheckerUITests.xctest */ = {isa = PBXFileReference; explicitFileType = wrapper.cfbundle; includeInIndex = 0; path = CohabitationCheckerUITests.xctest; sourceTree = BUILT_PRODUCTS_DIR; };
		15822A5E22079B65004CB2B4 /* CohabitationCheckerUITests.swift */ = {isa = PBXFileReference; lastKnownFileType = sourcecode.swift; path = CohabitationCheckerUITests.swift; sourceTree = "<group>"; };
		15822A6022079B65004CB2B4 /* Info.plist */ = {isa = PBXFileReference; lastKnownFileType = text.plist.xml; path = Info.plist; sourceTree = "<group>"; };
		15822A6D22079F02004CB2B4 /* R.generated.swift */ = {isa = PBXFileReference; fileEncoding = 4; lastKnownFileType = sourcecode.swift; path = R.generated.swift; sourceTree = SOURCE_ROOT; };
		30BC42FF71132F539F80CE04 /* Pods_CohabitationCheckerUITests.framework */ = {isa = PBXFileReference; explicitFileType = wrapper.framework; includeInIndex = 0; path = Pods_CohabitationCheckerUITests.framework; sourceTree = BUILT_PRODUCTS_DIR; };
		31A2B9F4FE8E6AB1D167357F /* Pods-CohabitationCheckerUITests.debug.xcconfig */ = {isa = PBXFileReference; includeInIndex = 1; lastKnownFileType = text.xcconfig; name = "Pods-CohabitationCheckerUITests.debug.xcconfig"; path = "Pods/Target Support Files/Pods-CohabitationCheckerUITests/Pods-CohabitationCheckerUITests.debug.xcconfig"; sourceTree = "<group>"; };
		32DEAF39ABBF924075A58EE5 /* Pods-CohabitationCheckerTests.release.xcconfig */ = {isa = PBXFileReference; includeInIndex = 1; lastKnownFileType = text.xcconfig; name = "Pods-CohabitationCheckerTests.release.xcconfig"; path = "Pods/Target Support Files/Pods-CohabitationCheckerTests/Pods-CohabitationCheckerTests.release.xcconfig"; sourceTree = "<group>"; };
		42B7824466A686F2712EBA9C /* Pods_CohabitationCheckerTests.framework */ = {isa = PBXFileReference; explicitFileType = wrapper.framework; includeInIndex = 0; path = Pods_CohabitationCheckerTests.framework; sourceTree = BUILT_PRODUCTS_DIR; };
		53F3C634702D40EC8BEE2E37 /* Pods_CohabitationChecker.framework */ = {isa = PBXFileReference; explicitFileType = wrapper.framework; includeInIndex = 0; path = Pods_CohabitationChecker.framework; sourceTree = BUILT_PRODUCTS_DIR; };
		81FA9ED6CD948C6216BE3513 /* Pods-CohabitationChecker.debug.xcconfig */ = {isa = PBXFileReference; includeInIndex = 1; lastKnownFileType = text.xcconfig; name = "Pods-CohabitationChecker.debug.xcconfig"; path = "Pods/Target Support Files/Pods-CohabitationChecker/Pods-CohabitationChecker.debug.xcconfig"; sourceTree = "<group>"; };
		90DD64E8AA92FDD7A402FC8F /* Pods-CohabitationChecker.release.xcconfig */ = {isa = PBXFileReference; includeInIndex = 1; lastKnownFileType = text.xcconfig; name = "Pods-CohabitationChecker.release.xcconfig"; path = "Pods/Target Support Files/Pods-CohabitationChecker/Pods-CohabitationChecker.release.xcconfig"; sourceTree = "<group>"; };
		97DF8DBA4550372ACBE8A4AC /* Pods-CohabitationCheckerTests.debug.xcconfig */ = {isa = PBXFileReference; includeInIndex = 1; lastKnownFileType = text.xcconfig; name = "Pods-CohabitationCheckerTests.debug.xcconfig"; path = "Pods/Target Support Files/Pods-CohabitationCheckerTests/Pods-CohabitationCheckerTests.debug.xcconfig"; sourceTree = "<group>"; };
		B36784CD791CC573E6710E18 /* Pods-CohabitationCheckerUITests.release.xcconfig */ = {isa = PBXFileReference; includeInIndex = 1; lastKnownFileType = text.xcconfig; name = "Pods-CohabitationCheckerUITests.release.xcconfig"; path = "Pods/Target Support Files/Pods-CohabitationCheckerUITests/Pods-CohabitationCheckerUITests.release.xcconfig"; sourceTree = "<group>"; };
/* End PBXFileReference section */

/* Begin PBXFrameworksBuildPhase section */
		15822A3822079B63004CB2B4 /* Frameworks */ = {
			isa = PBXFrameworksBuildPhase;
			buildActionMask = 2147483647;
			files = (
				7CFFE9CD347F54AE130D04AD /* Pods_CohabitationChecker.framework in Frameworks */,
			);
			runOnlyForDeploymentPostprocessing = 0;
		};
		15822A4C22079B65004CB2B4 /* Frameworks */ = {
			isa = PBXFrameworksBuildPhase;
			buildActionMask = 2147483647;
			files = (
				FDBD3D19C9758AD0F5BC94F9 /* Pods_CohabitationCheckerTests.framework in Frameworks */,
			);
			runOnlyForDeploymentPostprocessing = 0;
		};
		15822A5722079B65004CB2B4 /* Frameworks */ = {
			isa = PBXFrameworksBuildPhase;
			buildActionMask = 2147483647;
			files = (
				A1992AA7DAE97D00A561C1F4 /* Pods_CohabitationCheckerUITests.framework in Frameworks */,
			);
			runOnlyForDeploymentPostprocessing = 0;
		};
/* End PBXFrameworksBuildPhase section */

/* Begin PBXGroup section */
		15822A3222079B63004CB2B4 = {
			isa = PBXGroup;
			children = (
				15822A3D22079B63004CB2B4 /* CohabitationChecker */,
				15822A5222079B65004CB2B4 /* CohabitationCheckerTests */,
				15822A5D22079B65004CB2B4 /* CohabitationCheckerUITests */,
				15822A3C22079B63004CB2B4 /* Products */,
				87792FE981A15218577B0702 /* Pods */,
				C373B274A6C57DBFD55BF8F3 /* Frameworks */,
			);
			sourceTree = "<group>";
		};
		15822A3C22079B63004CB2B4 /* Products */ = {
			isa = PBXGroup;
			children = (
				15822A3B22079B63004CB2B4 /* CohabitationChecker.app */,
				15822A4F22079B65004CB2B4 /* CohabitationCheckerTests.xctest */,
				15822A5A22079B65004CB2B4 /* CohabitationCheckerUITests.xctest */,
			);
			name = Products;
			sourceTree = "<group>";
		};
		15822A3D22079B63004CB2B4 /* CohabitationChecker */ = {
			isa = PBXGroup;
			children = (
				15822A3E22079B63004CB2B4 /* AppDelegate.swift */,
				15822A4022079B63004CB2B4 /* ViewController.swift */,
				15822A4222079B63004CB2B4 /* Main.storyboard */,
				15822A6D22079F02004CB2B4 /* R.generated.swift */,
				15822A4522079B64004CB2B4 /* Assets.xcassets */,
				15822A4722079B64004CB2B4 /* LaunchScreen.storyboard */,
				15822A4A22079B64004CB2B4 /* Info.plist */,
			);
			path = CohabitationChecker;
			sourceTree = "<group>";
		};
		15822A5222079B65004CB2B4 /* CohabitationCheckerTests */ = {
			isa = PBXGroup;
			children = (
				15822A5322079B65004CB2B4 /* CohabitationCheckerTests.swift */,
				15822A5522079B65004CB2B4 /* Info.plist */,
			);
			path = CohabitationCheckerTests;
			sourceTree = "<group>";
		};
		15822A5D22079B65004CB2B4 /* CohabitationCheckerUITests */ = {
			isa = PBXGroup;
			children = (
				15822A5E22079B65004CB2B4 /* CohabitationCheckerUITests.swift */,
				15822A6022079B65004CB2B4 /* Info.plist */,
			);
			path = CohabitationCheckerUITests;
			sourceTree = "<group>";
		};
		87792FE981A15218577B0702 /* Pods */ = {
			isa = PBXGroup;
			children = (
				81FA9ED6CD948C6216BE3513 /* Pods-CohabitationChecker.debug.xcconfig */,
				90DD64E8AA92FDD7A402FC8F /* Pods-CohabitationChecker.release.xcconfig */,
				97DF8DBA4550372ACBE8A4AC /* Pods-CohabitationCheckerTests.debug.xcconfig */,
				32DEAF39ABBF924075A58EE5 /* Pods-CohabitationCheckerTests.release.xcconfig */,
				31A2B9F4FE8E6AB1D167357F /* Pods-CohabitationCheckerUITests.debug.xcconfig */,
				B36784CD791CC573E6710E18 /* Pods-CohabitationCheckerUITests.release.xcconfig */,
			);
			name = Pods;
			sourceTree = "<group>";
		};
		C373B274A6C57DBFD55BF8F3 /* Frameworks */ = {
			isa = PBXGroup;
			children = (
				53F3C634702D40EC8BEE2E37 /* Pods_CohabitationChecker.framework */,
				42B7824466A686F2712EBA9C /* Pods_CohabitationCheckerTests.framework */,
				30BC42FF71132F539F80CE04 /* Pods_CohabitationCheckerUITests.framework */,
			);
			name = Frameworks;
			sourceTree = "<group>";
		};
/* End PBXGroup section */

/* Begin PBXNativeTarget section */
		15822A3A22079B63004CB2B4 /* CohabitationChecker */ = {
			isa = PBXNativeTarget;
			buildConfigurationList = 15822A6322079B65004CB2B4 /* Build configuration list for PBXNativeTarget "CohabitationChecker" */;
			buildPhases = (
				BE7338D72E4D3783DFC116E6 /* [CP] Check Pods Manifest.lock */,
				15822A3722079B63004CB2B4 /* Sources */,
				15822A3822079B63004CB2B4 /* Frameworks */,
				15822A3922079B63004CB2B4 /* Resources */,
				95DD1AC1863924887E5FC0E6 /* [CP] Embed Pods Frameworks */,
				15822A6C22079E3D004CB2B4 /* Rswift */,
			);
			buildRules = (
			);
			dependencies = (
			);
			name = CohabitationChecker;
			productName = CohabitationChecker;
			productReference = 15822A3B22079B63004CB2B4 /* CohabitationChecker.app */;
			productType = "com.apple.product-type.application";
		};
		15822A4E22079B65004CB2B4 /* CohabitationCheckerTests */ = {
			isa = PBXNativeTarget;
			buildConfigurationList = 15822A6622079B65004CB2B4 /* Build configuration list for PBXNativeTarget "CohabitationCheckerTests" */;
			buildPhases = (
				9F16E62F3AA306736AE5E635 /* [CP] Check Pods Manifest.lock */,
				15822A4B22079B65004CB2B4 /* Sources */,
				15822A4C22079B65004CB2B4 /* Frameworks */,
				15822A4D22079B65004CB2B4 /* Resources */,
			);
			buildRules = (
			);
			dependencies = (
				15822A5122079B65004CB2B4 /* PBXTargetDependency */,
			);
			name = CohabitationCheckerTests;
			productName = CohabitationCheckerTests;
			productReference = 15822A4F22079B65004CB2B4 /* CohabitationCheckerTests.xctest */;
			productType = "com.apple.product-type.bundle.unit-test";
		};
		15822A5922079B65004CB2B4 /* CohabitationCheckerUITests */ = {
			isa = PBXNativeTarget;
			buildConfigurationList = 15822A6922079B65004CB2B4 /* Build configuration list for PBXNativeTarget "CohabitationCheckerUITests" */;
			buildPhases = (
				4C764313660C53C78C3A3DBB /* [CP] Check Pods Manifest.lock */,
				15822A5622079B65004CB2B4 /* Sources */,
				15822A5722079B65004CB2B4 /* Frameworks */,
				15822A5822079B65004CB2B4 /* Resources */,
			);
			buildRules = (
			);
			dependencies = (
				15822A5C22079B65004CB2B4 /* PBXTargetDependency */,
			);
			name = CohabitationCheckerUITests;
			productName = CohabitationCheckerUITests;
			productReference = 15822A5A22079B65004CB2B4 /* CohabitationCheckerUITests.xctest */;
			productType = "com.apple.product-type.bundle.ui-testing";
		};
/* End PBXNativeTarget section */

/* Begin PBXProject section */
		15822A3322079B63004CB2B4 /* Project object */ = {
			isa = PBXProject;
			attributes = {
				LastSwiftUpdateCheck = 1010;
				LastUpgradeCheck = 1010;
				ORGANIZATIONNAME = "山口賢登";
				TargetAttributes = {
					15822A3A22079B63004CB2B4 = {
						CreatedOnToolsVersion = 10.1;
					};
					15822A4E22079B65004CB2B4 = {
						CreatedOnToolsVersion = 10.1;
						TestTargetID = 15822A3A22079B63004CB2B4;
					};
					15822A5922079B65004CB2B4 = {
						CreatedOnToolsVersion = 10.1;
						TestTargetID = 15822A3A22079B63004CB2B4;
					};
				};
			};
			buildConfigurationList = 15822A3622079B63004CB2B4 /* Build configuration list for PBXProject "CohabitationChecker" */;
			compatibilityVersion = "Xcode 9.3";
			developmentRegion = en;
			hasScannedForEncodings = 0;
			knownRegions = (
				en,
				Base,
			);
			mainGroup = 15822A3222079B63004CB2B4;
			productRefGroup = 15822A3C22079B63004CB2B4 /* Products */;
			projectDirPath = "";
			projectRoot = "";
			targets = (
				15822A3A22079B63004CB2B4 /* CohabitationChecker */,
				15822A4E22079B65004CB2B4 /* CohabitationCheckerTests */,
				15822A5922079B65004CB2B4 /* CohabitationCheckerUITests */,
			);
		};
/* End PBXProject section */

/* Begin PBXResourcesBuildPhase section */
		15822A3922079B63004CB2B4 /* Resources */ = {
			isa = PBXResourcesBuildPhase;
			buildActionMask = 2147483647;
			files = (
				15822A4922079B64004CB2B4 /* LaunchScreen.storyboard in Resources */,
				15822A4622079B64004CB2B4 /* Assets.xcassets in Resources */,
				15822A4422079B63004CB2B4 /* Main.storyboard in Resources */,
			);
			runOnlyForDeploymentPostprocessing = 0;
		};
		15822A4D22079B65004CB2B4 /* Resources */ = {
			isa = PBXResourcesBuildPhase;
			buildActionMask = 2147483647;
			files = (
			);
			runOnlyForDeploymentPostprocessing = 0;
		};
		15822A5822079B65004CB2B4 /* Resources */ = {
			isa = PBXResourcesBuildPhase;
			buildActionMask = 2147483647;
			files = (
			);
			runOnlyForDeploymentPostprocessing = 0;
		};
/* End PBXResourcesBuildPhase section */

/* Begin PBXShellScriptBuildPhase section */
		15822A6C22079E3D004CB2B4 /* Rswift */ = {
			isa = PBXShellScriptBuildPhase;
			buildActionMask = 2147483647;
			files = (
			);
			inputFileListPaths = (
			);
			inputPaths = (
			);
			name = Rswift;
			outputFileListPaths = (
			);
			outputPaths = (
			);
			runOnlyForDeploymentPostprocessing = 0;
			shellPath = /bin/sh;
			shellScript = "\"$PODS_ROOT/R.swift/rswift\" generate \"$SRCROOT\"\n\n";
		};
		4C764313660C53C78C3A3DBB /* [CP] Check Pods Manifest.lock */ = {
			isa = PBXShellScriptBuildPhase;
			buildActionMask = 2147483647;
			files = (
			);
			inputFileListPaths = (
			);
			inputPaths = (
				"${PODS_PODFILE_DIR_PATH}/Podfile.lock",
				"${PODS_ROOT}/Manifest.lock",
			);
			name = "[CP] Check Pods Manifest.lock";
			outputFileListPaths = (
			);
			outputPaths = (
				"$(DERIVED_FILE_DIR)/Pods-CohabitationCheckerUITests-checkManifestLockResult.txt",
			);
			runOnlyForDeploymentPostprocessing = 0;
			shellPath = /bin/sh;
			shellScript = "diff \"${PODS_PODFILE_DIR_PATH}/Podfile.lock\" \"${PODS_ROOT}/Manifest.lock\" > /dev/null\nif [ $? != 0 ] ; then\n    # print error to STDERR\n    echo \"error: The sandbox is not in sync with the Podfile.lock. Run 'pod install' or update your CocoaPods installation.\" >&2\n    exit 1\nfi\n# This output is used by Xcode 'outputs' to avoid re-running this script phase.\necho \"SUCCESS\" > \"${SCRIPT_OUTPUT_FILE_0}\"\n";
			showEnvVarsInLog = 0;
		};
		95DD1AC1863924887E5FC0E6 /* [CP] Embed Pods Frameworks */ = {
			isa = PBXShellScriptBuildPhase;
			buildActionMask = 2147483647;
			files = (
			);
			inputFileListPaths = (
			);
			inputPaths = (
				"${SRCROOT}/Pods/Target Support Files/Pods-CohabitationChecker/Pods-CohabitationChecker-frameworks.sh",
				"${BUILT_PRODUCTS_DIR}/Koloda/Koloda.framework",
				"${BUILT_PRODUCTS_DIR}/R.swift.Library/Rswift.framework",
				"${BUILT_PRODUCTS_DIR}/pop/pop.framework",
			);
			name = "[CP] Embed Pods Frameworks";
			outputFileListPaths = (
			);
			outputPaths = (
				"${TARGET_BUILD_DIR}/${FRAMEWORKS_FOLDER_PATH}/Koloda.framework",
				"${TARGET_BUILD_DIR}/${FRAMEWORKS_FOLDER_PATH}/Rswift.framework",
				"${TARGET_BUILD_DIR}/${FRAMEWORKS_FOLDER_PATH}/pop.framework",
			);
			runOnlyForDeploymentPostprocessing = 0;
			shellPath = /bin/sh;
			shellScript = "\"${SRCROOT}/Pods/Target Support Files/Pods-CohabitationChecker/Pods-CohabitationChecker-frameworks.sh\"\n";
			showEnvVarsInLog = 0;
		};
		9F16E62F3AA306736AE5E635 /* [CP] Check Pods Manifest.lock */ = {
			isa = PBXShellScriptBuildPhase;
			buildActionMask = 2147483647;
			files = (
			);
			inputFileListPaths = (
			);
			inputPaths = (
				"${PODS_PODFILE_DIR_PATH}/Podfile.lock",
				"${PODS_ROOT}/Manifest.lock",
			);
			name = "[CP] Check Pods Manifest.lock";
			outputFileListPaths = (
			);
			outputPaths = (
				"$(DERIVED_FILE_DIR)/Pods-CohabitationCheckerTests-checkManifestLockResult.txt",
			);
			runOnlyForDeploymentPostprocessing = 0;
			shellPath = /bin/sh;
			shellScript = "diff \"${PODS_PODFILE_DIR_PATH}/Podfile.lock\" \"${PODS_ROOT}/Manifest.lock\" > /dev/null\nif [ $? != 0 ] ; then\n    # print error to STDERR\n    echo \"error: The sandbox is not in sync with the Podfile.lock. Run 'pod install' or update your CocoaPods installation.\" >&2\n    exit 1\nfi\n# This output is used by Xcode 'outputs' to avoid re-running this script phase.\necho \"SUCCESS\" > \"${SCRIPT_OUTPUT_FILE_0}\"\n";
			showEnvVarsInLog = 0;
		};
		BE7338D72E4D3783DFC116E6 /* [CP] Check Pods Manifest.lock */ = {
			isa = PBXShellScriptBuildPhase;
			buildActionMask = 2147483647;
			files = (
			);
			inputFileListPaths = (
			);
			inputPaths = (
				"${PODS_PODFILE_DIR_PATH}/Podfile.lock",
				"${PODS_ROOT}/Manifest.lock",
			);
			name = "[CP] Check Pods Manifest.lock";
			outputFileListPaths = (
			);
			outputPaths = (
				"$(DERIVED_FILE_DIR)/Pods-CohabitationChecker-checkManifestLockResult.txt",
			);
			runOnlyForDeploymentPostprocessing = 0;
			shellPath = /bin/sh;
			shellScript = "diff \"${PODS_PODFILE_DIR_PATH}/Podfile.lock\" \"${PODS_ROOT}/Manifest.lock\" > /dev/null\nif [ $? != 0 ] ; then\n    # print error to STDERR\n    echo \"error: The sandbox is not in sync with the Podfile.lock. Run 'pod install' or update your CocoaPods installation.\" >&2\n    exit 1\nfi\n# This output is used by Xcode 'outputs' to avoid re-running this script phase.\necho \"SUCCESS\" > \"${SCRIPT_OUTPUT_FILE_0}\"\n";
			showEnvVarsInLog = 0;
		};
/* End PBXShellScriptBuildPhase section */

/* Begin PBXSourcesBuildPhase section */
		15822A3722079B63004CB2B4 /* Sources */ = {
			isa = PBXSourcesBuildPhase;
			buildActionMask = 2147483647;
			files = (
				15822A4122079B63004CB2B4 /* ViewController.swift in Sources */,
				15822A3F22079B63004CB2B4 /* AppDelegate.swift in Sources */,
				15822A6E22079F02004CB2B4 /* R.generated.swift in Sources */,
			);
			runOnlyForDeploymentPostprocessing = 0;
		};
		15822A4B22079B65004CB2B4 /* Sources */ = {
			isa = PBXSourcesBuildPhase;
			buildActionMask = 2147483647;
			files = (
				15822A5422079B65004CB2B4 /* CohabitationCheckerTests.swift in Sources */,
			);
			runOnlyForDeploymentPostprocessing = 0;
		};
		15822A5622079B65004CB2B4 /* Sources */ = {
			isa = PBXSourcesBuildPhase;
			buildActionMask = 2147483647;
			files = (
				15822A5F22079B65004CB2B4 /* CohabitationCheckerUITests.swift in Sources */,
			);
			runOnlyForDeploymentPostprocessing = 0;
		};
/* End PBXSourcesBuildPhase section */

/* Begin PBXTargetDependency section */
		15822A5122079B65004CB2B4 /* PBXTargetDependency */ = {
			isa = PBXTargetDependency;
			target = 15822A3A22079B63004CB2B4 /* CohabitationChecker */;
			targetProxy = 15822A5022079B65004CB2B4 /* PBXContainerItemProxy */;
		};
		15822A5C22079B65004CB2B4 /* PBXTargetDependency */ = {
			isa = PBXTargetDependency;
			target = 15822A3A22079B63004CB2B4 /* CohabitationChecker */;
			targetProxy = 15822A5B22079B65004CB2B4 /* PBXContainerItemProxy */;
		};
/* End PBXTargetDependency section */

/* Begin PBXVariantGroup section */
		15822A4222079B63004CB2B4 /* Main.storyboard */ = {
			isa = PBXVariantGroup;
			children = (
				15822A4322079B63004CB2B4 /* Base */,
			);
			name = Main.storyboard;
			sourceTree = "<group>";
		};
		15822A4722079B64004CB2B4 /* LaunchScreen.storyboard */ = {
			isa = PBXVariantGroup;
			children = (
				15822A4822079B64004CB2B4 /* Base */,
			);
			name = LaunchScreen.storyboard;
			sourceTree = "<group>";
		};
/* End PBXVariantGroup section */

/* Begin XCBuildConfiguration section */
		15822A6122079B65004CB2B4 /* Debug */ = {
			isa = XCBuildConfiguration;
			buildSettings = {
				ALWAYS_SEARCH_USER_PATHS = NO;
				CLANG_ANALYZER_NONNULL = YES;
				CLANG_ANALYZER_NUMBER_OBJECT_CONVERSION = YES_AGGRESSIVE;
				CLANG_CXX_LANGUAGE_STANDARD = "gnu++14";
				CLANG_CXX_LIBRARY = "libc++";
				CLANG_ENABLE_MODULES = YES;
				CLANG_ENABLE_OBJC_ARC = YES;
				CLANG_ENABLE_OBJC_WEAK = YES;
				CLANG_WARN_BLOCK_CAPTURE_AUTORELEASING = YES;
				CLANG_WARN_BOOL_CONVERSION = YES;
				CLANG_WARN_COMMA = YES;
				CLANG_WARN_CONSTANT_CONVERSION = YES;
				CLANG_WARN_DEPRECATED_OBJC_IMPLEMENTATIONS = YES;
				CLANG_WARN_DIRECT_OBJC_ISA_USAGE = YES_ERROR;
				CLANG_WARN_DOCUMENTATION_COMMENTS = YES;
				CLANG_WARN_EMPTY_BODY = YES;
				CLANG_WARN_ENUM_CONVERSION = YES;
				CLANG_WARN_INFINITE_RECURSION = YES;
				CLANG_WARN_INT_CONVERSION = YES;
				CLANG_WARN_NON_LITERAL_NULL_CONVERSION = YES;
				CLANG_WARN_OBJC_IMPLICIT_RETAIN_SELF = YES;
				CLANG_WARN_OBJC_LITERAL_CONVERSION = YES;
				CLANG_WARN_OBJC_ROOT_CLASS = YES_ERROR;
				CLANG_WARN_RANGE_LOOP_ANALYSIS = YES;
				CLANG_WARN_STRICT_PROTOTYPES = YES;
				CLANG_WARN_SUSPICIOUS_MOVE = YES;
				CLANG_WARN_UNGUARDED_AVAILABILITY = YES_AGGRESSIVE;
				CLANG_WARN_UNREACHABLE_CODE = YES;
				CLANG_WARN__DUPLICATE_METHOD_MATCH = YES;
				CODE_SIGN_IDENTITY = "iPhone Developer";
				COPY_PHASE_STRIP = NO;
				DEBUG_INFORMATION_FORMAT = dwarf;
				ENABLE_STRICT_OBJC_MSGSEND = YES;
				ENABLE_TESTABILITY = YES;
				GCC_C_LANGUAGE_STANDARD = gnu11;
				GCC_DYNAMIC_NO_PIC = NO;
				GCC_NO_COMMON_BLOCKS = YES;
				GCC_OPTIMIZATION_LEVEL = 0;
				GCC_PREPROCESSOR_DEFINITIONS = (
					"DEBUG=1",
					"$(inherited)",
				);
				GCC_WARN_64_TO_32_BIT_CONVERSION = YES;
				GCC_WARN_ABOUT_RETURN_TYPE = YES_ERROR;
				GCC_WARN_UNDECLARED_SELECTOR = YES;
				GCC_WARN_UNINITIALIZED_AUTOS = YES_AGGRESSIVE;
				GCC_WARN_UNUSED_FUNCTION = YES;
				GCC_WARN_UNUSED_VARIABLE = YES;
				IPHONEOS_DEPLOYMENT_TARGET = 12.1;
				MTL_ENABLE_DEBUG_INFO = INCLUDE_SOURCE;
				MTL_FAST_MATH = YES;
				ONLY_ACTIVE_ARCH = YES;
				SDKROOT = iphoneos;
				SWIFT_ACTIVE_COMPILATION_CONDITIONS = DEBUG;
				SWIFT_OPTIMIZATION_LEVEL = "-Onone";
			};
			name = Debug;
		};
		15822A6222079B65004CB2B4 /* Release */ = {
			isa = XCBuildConfiguration;
			buildSettings = {
				ALWAYS_SEARCH_USER_PATHS = NO;
				CLANG_ANALYZER_NONNULL = YES;
				CLANG_ANALYZER_NUMBER_OBJECT_CONVERSION = YES_AGGRESSIVE;
				CLANG_CXX_LANGUAGE_STANDARD = "gnu++14";
				CLANG_CXX_LIBRARY = "libc++";
				CLANG_ENABLE_MODULES = YES;
				CLANG_ENABLE_OBJC_ARC = YES;
				CLANG_ENABLE_OBJC_WEAK = YES;
				CLANG_WARN_BLOCK_CAPTURE_AUTORELEASING = YES;
				CLANG_WARN_BOOL_CONVERSION = YES;
				CLANG_WARN_COMMA = YES;
				CLANG_WARN_CONSTANT_CONVERSION = YES;
				CLANG_WARN_DEPRECATED_OBJC_IMPLEMENTATIONS = YES;
				CLANG_WARN_DIRECT_OBJC_ISA_USAGE = YES_ERROR;
				CLANG_WARN_DOCUMENTATION_COMMENTS = YES;
				CLANG_WARN_EMPTY_BODY = YES;
				CLANG_WARN_ENUM_CONVERSION = YES;
				CLANG_WARN_INFINITE_RECURSION = YES;
				CLANG_WARN_INT_CONVERSION = YES;
				CLANG_WARN_NON_LITERAL_NULL_CONVERSION = YES;
				CLANG_WARN_OBJC_IMPLICIT_RETAIN_SELF = YES;
				CLANG_WARN_OBJC_LITERAL_CONVERSION = YES;
				CLANG_WARN_OBJC_ROOT_CLASS = YES_ERROR;
				CLANG_WARN_RANGE_LOOP_ANALYSIS = YES;
				CLANG_WARN_STRICT_PROTOTYPES = YES;
				CLANG_WARN_SUSPICIOUS_MOVE = YES;
				CLANG_WARN_UNGUARDED_AVAILABILITY = YES_AGGRESSIVE;
				CLANG_WARN_UNREACHABLE_CODE = YES;
				CLANG_WARN__DUPLICATE_METHOD_MATCH = YES;
				CODE_SIGN_IDENTITY = "iPhone Developer";
				COPY_PHASE_STRIP = NO;
				DEBUG_INFORMATION_FORMAT = "dwarf-with-dsym";
				ENABLE_NS_ASSERTIONS = NO;
				ENABLE_STRICT_OBJC_MSGSEND = YES;
				GCC_C_LANGUAGE_STANDARD = gnu11;
				GCC_NO_COMMON_BLOCKS = YES;
				GCC_WARN_64_TO_32_BIT_CONVERSION = YES;
				GCC_WARN_ABOUT_RETURN_TYPE = YES_ERROR;
				GCC_WARN_UNDECLARED_SELECTOR = YES;
				GCC_WARN_UNINITIALIZED_AUTOS = YES_AGGRESSIVE;
				GCC_WARN_UNUSED_FUNCTION = YES;
				GCC_WARN_UNUSED_VARIABLE = YES;
				IPHONEOS_DEPLOYMENT_TARGET = 12.1;
				MTL_ENABLE_DEBUG_INFO = NO;
				MTL_FAST_MATH = YES;
				SDKROOT = iphoneos;
				SWIFT_COMPILATION_MODE = wholemodule;
				SWIFT_OPTIMIZATION_LEVEL = "-O";
				VALIDATE_PRODUCT = YES;
			};
			name = Release;
		};
		15822A6422079B65004CB2B4 /* Debug */ = {
			isa = XCBuildConfiguration;
			baseConfigurationReference = 81FA9ED6CD948C6216BE3513 /* Pods-CohabitationChecker.debug.xcconfig */;
			buildSettings = {
				ASSETCATALOG_COMPILER_APPICON_NAME = AppIcon;
				CODE_SIGN_STYLE = Automatic;
				DEVELOPMENT_TEAM = 65VW7XZNV5;
				INFOPLIST_FILE = CohabitationChecker/Info.plist;
				LD_RUNPATH_SEARCH_PATHS = (
					"$(inherited)",
					"@executable_path/Frameworks",
				);
				PRODUCT_BUNDLE_IDENTIFIER = com.yamakentoc.CohabitationChecker;
				PRODUCT_NAME = "$(TARGET_NAME)";
				SWIFT_VERSION = 4.2;
				TARGETED_DEVICE_FAMILY = "1,2";
			};
			name = Debug;
		};
		15822A6522079B65004CB2B4 /* Release */ = {
			isa = XCBuildConfiguration;
			baseConfigurationReference = 90DD64E8AA92FDD7A402FC8F /* Pods-CohabitationChecker.release.xcconfig */;
			buildSettings = {
				ASSETCATALOG_COMPILER_APPICON_NAME = AppIcon;
				CODE_SIGN_STYLE = Automatic;
				DEVELOPMENT_TEAM = 65VW7XZNV5;
				INFOPLIST_FILE = CohabitationChecker/Info.plist;
				LD_RUNPATH_SEARCH_PATHS = (
					"$(inherited)",
					"@executable_path/Frameworks",
				);
				PRODUCT_BUNDLE_IDENTIFIER = com.yamakentoc.CohabitationChecker;
				PRODUCT_NAME = "$(TARGET_NAME)";
				SWIFT_VERSION = 4.2;
				TARGETED_DEVICE_FAMILY = "1,2";
			};
			name = Release;
		};
		15822A6722079B65004CB2B4 /* Debug */ = {
			isa = XCBuildConfiguration;
			baseConfigurationReference = 97DF8DBA4550372ACBE8A4AC /* Pods-CohabitationCheckerTests.debug.xcconfig */;
			buildSettings = {
				ALWAYS_EMBED_SWIFT_STANDARD_LIBRARIES = YES;
				BUNDLE_LOADER = "$(TEST_HOST)";
				CODE_SIGN_STYLE = Automatic;
				DEVELOPMENT_TEAM = 65VW7XZNV5;
				INFOPLIST_FILE = CohabitationCheckerTests/Info.plist;
				LD_RUNPATH_SEARCH_PATHS = (
					"$(inherited)",
					"@executable_path/Frameworks",
					"@loader_path/Frameworks",
				);
				PRODUCT_BUNDLE_IDENTIFIER = com.yamakentoc.CohabitationCheckerTests;
				PRODUCT_NAME = "$(TARGET_NAME)";
				SWIFT_VERSION = 4.2;
				TARGETED_DEVICE_FAMILY = "1,2";
				TEST_HOST = "$(BUILT_PRODUCTS_DIR)/CohabitationChecker.app/CohabitationChecker";
			};
			name = Debug;
		};
		15822A6822079B65004CB2B4 /* Release */ = {
			isa = XCBuildConfiguration;
			baseConfigurationReference = 32DEAF39ABBF924075A58EE5 /* Pods-CohabitationCheckerTests.release.xcconfig */;
			buildSettings = {
				ALWAYS_EMBED_SWIFT_STANDARD_LIBRARIES = YES;
				BUNDLE_LOADER = "$(TEST_HOST)";
				CODE_SIGN_STYLE = Automatic;
				DEVELOPMENT_TEAM = 65VW7XZNV5;
				INFOPLIST_FILE = CohabitationCheckerTests/Info.plist;
				LD_RUNPATH_SEARCH_PATHS = (
					"$(inherited)",
					"@executable_path/Frameworks",
					"@loader_path/Frameworks",
				);
				PRODUCT_BUNDLE_IDENTIFIER = com.yamakentoc.CohabitationCheckerTests;
				PRODUCT_NAME = "$(TARGET_NAME)";
				SWIFT_VERSION = 4.2;
				TARGETED_DEVICE_FAMILY = "1,2";
				TEST_HOST = "$(BUILT_PRODUCTS_DIR)/CohabitationChecker.app/CohabitationChecker";
			};
			name = Release;
		};
		15822A6A22079B65004CB2B4 /* Debug */ = {
			isa = XCBuildConfiguration;
			baseConfigurationReference = 31A2B9F4FE8E6AB1D167357F /* Pods-CohabitationCheckerUITests.debug.xcconfig */;
			buildSettings = {
				ALWAYS_EMBED_SWIFT_STANDARD_LIBRARIES = YES;
				CODE_SIGN_STYLE = Automatic;
				DEVELOPMENT_TEAM = 65VW7XZNV5;
				INFOPLIST_FILE = CohabitationCheckerUITests/Info.plist;
				LD_RUNPATH_SEARCH_PATHS = (
					"$(inherited)",
					"@executable_path/Frameworks",
					"@loader_path/Frameworks",
				);
				PRODUCT_BUNDLE_IDENTIFIER = com.yamakentoc.CohabitationCheckerUITests;
				PRODUCT_NAME = "$(TARGET_NAME)";
				SWIFT_VERSION = 4.2;
				TARGETED_DEVICE_FAMILY = "1,2";
				TEST_TARGET_NAME = CohabitationChecker;
			};
			name = Debug;
		};
		15822A6B22079B65004CB2B4 /* Release */ = {
			isa = XCBuildConfiguration;
			baseConfigurationReference = B36784CD791CC573E6710E18 /* Pods-CohabitationCheckerUITests.release.xcconfig */;
			buildSettings = {
				ALWAYS_EMBED_SWIFT_STANDARD_LIBRARIES = YES;
				CODE_SIGN_STYLE = Automatic;
				DEVELOPMENT_TEAM = 65VW7XZNV5;
				INFOPLIST_FILE = CohabitationCheckerUITests/Info.plist;
				LD_RUNPATH_SEARCH_PATHS = (
					"$(inherited)",
					"@executable_path/Frameworks",
					"@loader_path/Frameworks",
				);
				PRODUCT_BUNDLE_IDENTIFIER = com.yamakentoc.CohabitationCheckerUITests;
				PRODUCT_NAME = "$(TARGET_NAME)";
				SWIFT_VERSION = 4.2;
				TARGETED_DEVICE_FAMILY = "1,2";
				TEST_TARGET_NAME = CohabitationChecker;
			};
			name = Release;
		};
/* End XCBuildConfiguration section */

/* Begin XCConfigurationList section */
		15822A3622079B63004CB2B4 /* Build configuration list for PBXProject "CohabitationChecker" */ = {
			isa = XCConfigurationList;
			buildConfigurations = (
				15822A6122079B65004CB2B4 /* Debug */,
				15822A6222079B65004CB2B4 /* Release */,
			);
			defaultConfigurationIsVisible = 0;
			defaultConfigurationName = Release;
		};
		15822A6322079B65004CB2B4 /* Build configuration list for PBXNativeTarget "CohabitationChecker" */ = {
			isa = XCConfigurationList;
			buildConfigurations = (
				15822A6422079B65004CB2B4 /* Debug */,
				15822A6522079B65004CB2B4 /* Release */,
			);
			defaultConfigurationIsVisible = 0;
			defaultConfigurationName = Release;
		};
		15822A6622079B65004CB2B4 /* Build configuration list for PBXNativeTarget "CohabitationCheckerTests" */ = {
			isa = XCConfigurationList;
			buildConfigurations = (
				15822A6722079B65004CB2B4 /* Debug */,
				15822A6822079B65004CB2B4 /* Release */,
			);
			defaultConfigurationIsVisible = 0;
			defaultConfigurationName = Release;
		};
		15822A6922079B65004CB2B4 /* Build configuration list for PBXNativeTarget "CohabitationCheckerUITests" */ = {
			isa = XCConfigurationList;
			buildConfigurations = (
				15822A6A22079B65004CB2B4 /* Debug */,
				15822A6B22079B65004CB2B4 /* Release */,
			);
			defaultConfigurationIsVisible = 0;
			defaultConfigurationName = Release;
		};
/* End XCConfigurationList section */
	};
	rootObject = 15822A3322079B63004CB2B4 /* Project object */;
}
